
Microsoft Visual Studio Solution File, Format Version 12.00
# Visual Studio Version 17
VisualStudioVersion = 17.1.32210.238
MinimumVisualStudioVersion = 10.0.40219.1
Project("{FAE04EC0-301F-11D3-BF4B-00C04F79EFBC}") = "MovieShopMVC", "MovieShopMVC\MovieShopMVC.csproj", "{FD17E3F2-B332-49B9-9EA3-8110C60C1B49}"
EndProject
Project("{FAE04EC0-301F-11D3-BF4B-00C04F79EFBC}") = "ApplicationCore", "ApplicationCore\ApplicationCore.csproj", "{A25BEE3B-1B68-4D89-9A4D-C51CA981FF08}"
EndProject
Project("{FAE04EC0-301F-11D3-BF4B-00C04F79EFBC}") = "Infrasturcture", "Infrasturcture\Infrasturcture.csproj", "{A6D625AB-4529-46C3-B5D6-6E2D872B5648}"
EndProject
Global
	GlobalSection(SolutionConfigurationPlatforms) = preSolution
		Debug|Any CPU = Debug|Any CPU
		Release|Any CPU = Release|Any CPU
	EndGlobalSection
	GlobalSection(ProjectConfigurationPlatforms) = postSolution
		{FD17E3F2-B332-49B9-9EA3-8110C60C1B49}.Debug|Any CPU.ActiveCfg = Debug|Any CPU
		{FD17E3F2-B332-49B9-9EA3-8110C60C1B49}.Debug|Any CPU.Build.0 = Debug|Any CPU
		{FD17E3F2-B332-49B9-9EA3-8110C60C1B49}.Release|Any CPU.ActiveCfg = Release|Any CPU
		{FD17E3F2-B332-49B9-9EA3-8110C60C1B49}.Release|Any CPU.Build.0 = Release|Any CPU
		{A25BEE3B-1B68-4D89-9A4D-C51CA981FF08}.Debug|Any CPU.ActiveCfg = Debug|Any CPU
		{A25BEE3B-1B68-4D89-9A4D-C51CA981FF08}.Debug|Any CPU.Build.0 = Debug|Any CPU
		{A25BEE3B-1B68-4D89-9A4D-C51CA981FF08}.Release|Any CPU.ActiveCfg = Release|Any CPU
		{A25BEE3B-1B68-4D89-9A4D-C51CA981FF08}.Release|Any CPU.Build.0 = Release|Any CPU
		{A6D625AB-4529-46C3-B5D6-6E2D872B5648}.Debug|Any CPU.ActiveCfg = Debug|Any CPU
		{A6D625AB-4529-46C3-B5D6-6E2D872B5648}.Debug|Any CPU.Build.0 = Debug|Any CPU
		{A6D625AB-4529-46C3-B5D6-6E2D872B5648}.Release|Any CPU.ActiveCfg = Release|Any CPU
		{A6D625AB-4529-46C3-B5D6-6E2D872B5648}.Release|Any CPU.Build.0 = Release|Any CPU
	EndGlobalSection
	GlobalSection(SolutionProperties) = preSolution
		HideSolutionNode = FALSE
	EndGlobalSection
	GlobalSection(ExtensibilityGlobals) = postSolution
		SolutionGuid = {6D509629-B473-4B2D-8C88-C5F9BAC4D714}
	EndGlobalSection
EndGlobal
